
Microsoft Visual Studio Solution File, Format Version 12.00
# Visual Studio Version 17
VisualStudioVersion = 17.14.36221.1
MinimumVisualStudioVersion = 10.0.40219.1
Project("{FAE04EC0-301F-11D3-BF4B-00C04F79EFBC}") = "Hometask.DataAnalyzer.Core", "Hometask.DataAnalyzer.Core\Hometask.DataAnalyzer.Core.csproj", "{2D9DB895-253B-F06E-98AF-28C385D69D24}"
EndProject
Project("{FAE04EC0-301F-11D3-BF4B-00C04F79EFBC}") = "Hometask.DataAnalyzer.Core.Tests", "Hometask.DataAnalyzer.Core.Tests\Hometask.DataAnalyzer.Core.Tests.csproj", "{A2C9AF7D-F421-C222-6C63-A5AD5B86BD47}"
EndProject
Project("{FAE04EC0-301F-11D3-BF4B-00C04F79EFBC}") = "Hometask.DataAnalyzer.App", "Hometask.DataAnalyzer.App\Hometask.DataAnalyzer.App.csproj", "{212F1509-7E74-4D84-C183-9A83EFB4EE25}"
EndProject
Global
	GlobalSection(SolutionConfigurationPlatforms) = preSolution
		Debug|Any CPU = Debug|Any CPU
		Release|Any CPU = Release|Any CPU
	EndGlobalSection
	GlobalSection(ProjectConfigurationPlatforms) = postSolution
		{2D9DB895-253B-F06E-98AF-28C385D69D24}.Debug|Any CPU.ActiveCfg = Debug|Any CPU
		{2D9DB895-253B-F06E-98AF-28C385D69D24}.Debug|Any CPU.Build.0 = Debug|Any CPU
		{2D9DB895-253B-F06E-98AF-28C385D69D24}.Release|Any CPU.ActiveCfg = Release|Any CPU
		{2D9DB895-253B-F06E-98AF-28C385D69D24}.Release|Any CPU.Build.0 = Release|Any CPU
		{A2C9AF7D-F421-C222-6C63-A5AD5B86BD47}.Debug|Any CPU.ActiveCfg = Debug|Any CPU
		{A2C9AF7D-F421-C222-6C63-A5AD5B86BD47}.Debug|Any CPU.Build.0 = Debug|Any CPU
		{A2C9AF7D-F421-C222-6C63-A5AD5B86BD47}.Release|Any CPU.ActiveCfg = Release|Any CPU
		{A2C9AF7D-F421-C222-6C63-A5AD5B86BD47}.Release|Any CPU.Build.0 = Release|Any CPU
		{212F1509-7E74-4D84-C183-9A83EFB4EE25}.Debug|Any CPU.ActiveCfg = Debug|Any CPU
		{212F1509-7E74-4D84-C183-9A83EFB4EE25}.Debug|Any CPU.Build.0 = Debug|Any CPU
		{212F1509-7E74-4D84-C183-9A83EFB4EE25}.Release|Any CPU.ActiveCfg = Release|Any CPU
		{212F1509-7E74-4D84-C183-9A83EFB4EE25}.Release|Any CPU.Build.0 = Release|Any CPU
	EndGlobalSection
	GlobalSection(SolutionProperties) = preSolution
		HideSolutionNode = FALSE
	EndGlobalSection
	GlobalSection(ExtensibilityGlobals) = postSolution
		SolutionGuid = {05A3C46F-1A12-482C-B4AC-A8A71C8EBFF7}
	EndGlobalSection
EndGlobal
